{
  "nodes": {
    "flake-utils": {
      "locked": {
        "lastModified": 1614513358,
        "narHash": "sha256-LakhOx3S1dRjnh0b5Dg3mbZyH0ToC9I8Y2wKSkBaTzU=",
        "owner": "numtide",
        "repo": "flake-utils",
        "rev": "5466c5bbece17adaab2d82fae80b46e807611bf3",
        "type": "github"
      },
      "original": {
        "owner": "numtide",
        "repo": "flake-utils",
        "type": "github"
      }
    },
    "naersk": {
      "inputs": {
        "nixpkgs": "nixpkgs"
      },
      "locked": {
        "lastModified": 1623324658,
        "narHash": "sha256-TjWmZPH/xbUi7Xuj2EigB9sTOpqsiFmnv7m6+QgTDrA=",
        "owner": "nmattia",
        "repo": "naersk",
        "rev": "4f7426c362809e472d03c369d3674317c32b6863",
        "type": "github"
      },
      "original": {
        "owner": "nmattia",
        "repo": "naersk",
        "type": "github"
      }
    },
    "nixpkgs": {
      "locked": {
        "lastModified": 1623772731,
        "narHash": "sha256-obDsM6t7qJthn6sLUDoUgWnyRKZH8YwqYgV0M/gRQCU=",
        "owner": "NixOS",
        "repo": "nixpkgs",
        "rev": "189a13688782682f2022023c025733bfb269f9d3",
        "type": "github"
      },
      "original": {
        "id": "nixpkgs",
        "type": "indirect"
      }
    },
    "nixpkgs_2": {
      "locked": {
        "lastModified": 1623772731,
        "narHash": "sha256-obDsM6t7qJthn6sLUDoUgWnyRKZH8YwqYgV0M/gRQCU=",
        "owner": "NixOS",
        "repo": "nixpkgs",
        "rev": "189a13688782682f2022023c025733bfb269f9d3",
        "type": "github"
      },
      "original": {
        "id": "nixpkgs",
        "type": "indirect"
      }
    },
    "nixpkgs_3": {
      "locked": {
        "lastModified": 1617325113,
        "narHash": "sha256-GksR0nvGxfZ79T91UUtWjjccxazv6Yh/MvEJ82v1Xmw=",
        "owner": "nixos",
        "repo": "nixpkgs",
        "rev": "54c1e44240d8a527a8f4892608c4bce5440c3ecb",
        "type": "github"
      },
      "original": {
        "owner": "NixOS",
        "repo": "nixpkgs",
        "type": "github"
      }
    },
    "root": {
      "inputs": {
        "naersk": "naersk",
        "nixpkgs": "nixpkgs_2",
        "rust-overlay": "rust-overlay",
        "utils": "utils"
      }
    },
    "rust-overlay": {
      "inputs": {
        "flake-utils": "flake-utils",
        "nixpkgs": "nixpkgs_3"
      },
      "locked": {
        "lastModified": 1623723843,
        "narHash": "sha256-r46GP5ASOnmZvocW6gdoYgNCrTOOQ7BuI1a5Jo4oQIo=",
        "owner": "oxalica",
        "repo": "rust-overlay",
        "rev": "95d75d1c900ac5b43750adbd960b49b60753ad6e",
        "type": "github"
      },
      "original": {
        "owner": "oxalica",
        "repo": "rust-overlay",
        "type": "github"
      }
    },
    "utils": {
      "locked": {
        "lastModified": 1623660459,
        "narHash": "sha256-OTmOsh43po7r5F9s9H6lVCBQ2b0FikWbmiwLbMAGRdw=",
        "owner": "numtide",
        "repo": "flake-utils",
        "rev": "98c8d36b1828009b20f12544214683c7489935a1",
        "type": "github"
      },
      "original": {
        "owner": "numtide",
        "repo": "flake-utils",
        "type": "github"
      }
    }
  },
  "root": "root",
  "version": 7
}
